
Microsoft Visual Studio Solution File, Format Version 12.00
# Visual Studio 14
VisualStudioVersion = 14.0.25123.0
MinimumVisualStudioVersion = 10.0.40219.1
Project("{FAE04EC0-301F-11D3-BF4B-00C04F79EFBC}") = "Exercicioteste", "Exercicioteste\Exercicioteste.csproj", "{1161699E-5A6B-4C4B-A88B-BF6FCCF4D648}"
EndProject
Project("{FAE04EC0-301F-11D3-BF4B-00C04F79EFBC}") = "Test1exe", "Test1exe\Test1exe.csproj", "{BD756577-642C-419D-8000-13BEC7299F4A}"
EndProject
Global
	GlobalSection(SolutionConfigurationPlatforms) = preSolution
		Debug|Any CPU = Debug|Any CPU
		Release|Any CPU = Release|Any CPU
	EndGlobalSection
	GlobalSection(ProjectConfigurationPlatforms) = postSolution
		{1161699E-5A6B-4C4B-A88B-BF6FCCF4D648}.Debug|Any CPU.ActiveCfg = Debug|Any CPU
		{1161699E-5A6B-4C4B-A88B-BF6FCCF4D648}.Debug|Any CPU.Build.0 = Debug|Any CPU
		{1161699E-5A6B-4C4B-A88B-BF6FCCF4D648}.Release|Any CPU.ActiveCfg = Release|Any CPU
		{1161699E-5A6B-4C4B-A88B-BF6FCCF4D648}.Release|Any CPU.Build.0 = Release|Any CPU
		{BD756577-642C-419D-8000-13BEC7299F4A}.Debug|Any CPU.ActiveCfg = Debug|Any CPU
		{BD756577-642C-419D-8000-13BEC7299F4A}.Debug|Any CPU.Build.0 = Debug|Any CPU
		{BD756577-642C-419D-8000-13BEC7299F4A}.Release|Any CPU.ActiveCfg = Release|Any CPU
		{BD756577-642C-419D-8000-13BEC7299F4A}.Release|Any CPU.Build.0 = Release|Any CPU
	EndGlobalSection
	GlobalSection(SolutionProperties) = preSolution
		HideSolutionNode = FALSE
	EndGlobalSection
EndGlobal
